{
  "version": 4,
  "terraform_version": "1.13.3",
  "serial": 40,
  "lineage": "a91b2674-00ec-4ad1-6847-31de5a98ad09",
  "outputs": {
    "backend_url": {
      "value": "https://ofc-be2-sugbtmtbtq-uc.a.run.app",
      "type": "string"
    },
    "frontend_url": {
      "value": "https://ofc-frontend2-sugbtmtbtq-uc.a.run.app",
      "type": "string"
    }
  },
  "resources": [
    {
      "mode": "data",
      "type": "google_service_account",
      "name": "be_sa",
      "provider": "provider[\"registry.terraform.io/hashicorp/google\"]",
      "instances": [
        {
          "schema_version": 0,
          "attributes": {
            "account_id": "ofc-backend-sa",
            "display_name": "Cloud Run SA for Backend",
            "email": "ofc-backend-sa@nulleffect-qa.iam.gserviceaccount.com",
            "id": "projects/nulleffect-qa/serviceAccounts/ofc-backend-sa@nulleffect-qa.iam.gserviceaccount.com",
            "member": "serviceAccount:ofc-backend-sa@nulleffect-qa.iam.gserviceaccount.com",
            "name": "projects/nulleffect-qa/serviceAccounts/ofc-backend-sa@nulleffect-qa.iam.gserviceaccount.com",
            "project": "nulleffect-qa",
            "unique_id": "117676767316054645588"
          },
          "sensitive_attributes": [],
          "identity_schema_version": 0
        }
      ]
    },
    {
      "mode": "data",
      "type": "google_service_account",
      "name": "fe_sa",
      "provider": "provider[\"registry.terraform.io/hashicorp/google\"]",
      "instances": [
        {
          "schema_version": 0,
          "attributes": {
            "account_id": "ofc-frontend-sa",
            "display_name": "Cloud Run SA for Frontend",
            "email": "ofc-frontend-sa@nulleffect-qa.iam.gserviceaccount.com",
            "id": "projects/nulleffect-qa/serviceAccounts/ofc-frontend-sa@nulleffect-qa.iam.gserviceaccount.com",
            "member": "serviceAccount:ofc-frontend-sa@nulleffect-qa.iam.gserviceaccount.com",
            "name": "projects/nulleffect-qa/serviceAccounts/ofc-frontend-sa@nulleffect-qa.iam.gserviceaccount.com",
            "project": "nulleffect-qa",
            "unique_id": "105216650571198742683"
          },
          "sensitive_attributes": [],
          "identity_schema_version": 0
        }
      ]
    },
    {
      "mode": "managed",
      "type": "google_cloud_run_v2_service",
      "name": "backend",
      "provider": "provider[\"registry.terraform.io/hashicorp/google\"]",
      "instances": [
        {
          "schema_version": 0,
          "attributes": {
            "annotations": {},
            "binary_authorization": [],
            "client": "",
            "client_version": "",
            "conditions": [
              {
                "execution_reason": "",
                "last_transition_time": "2025-10-10T04:37:36.680321Z",
                "message": "",
                "reason": "",
                "revision_reason": "",
                "severity": "",
                "state": "CONDITION_SUCCEEDED",
                "type": "RoutesReady"
              },
              {
                "execution_reason": "",
                "last_transition_time": "2025-10-10T04:37:35.477630Z",
                "message": "",
                "reason": "",
                "revision_reason": "",
                "severity": "",
                "state": "CONDITION_SUCCEEDED",
                "type": "ConfigurationsReady"
              }
            ],
            "create_time": "2025-10-10T04:37:26.166447Z",
            "creator": "api-backend-e092@nulleffect-qa.iam.gserviceaccount.com",
            "custom_audiences": [],
            "delete_time": "",
            "description": "",
            "effective_annotations": {},
            "effective_labels": {},
            "etag": "\"CIaboscGEJiPr08/cHJvamVjdHMvbnVsbGVmZmVjdC1xYS9sb2NhdGlvbnMvdXMtY2VudHJhbDEvc2VydmljZXMvb2ZjLWJlMg\"",
            "expire_time": "",
            "generation": "1",
            "id": "projects/nulleffect-qa/locations/us-central1/services/ofc-be2",
            "ingress": "INGRESS_TRAFFIC_ALL",
            "labels": {},
            "last_modifier": "api-backend-e092@nulleffect-qa.iam.gserviceaccount.com",
            "latest_created_revision": "projects/nulleffect-qa/locations/us-central1/services/ofc-be2/revisions/ofc-be2-00001-2n4",
            "latest_ready_revision": "projects/nulleffect-qa/locations/us-central1/services/ofc-be2/revisions/ofc-be2-00001-2n4",
            "launch_stage": "GA",
            "location": "us-central1",
            "name": "ofc-be2",
            "observed_generation": "1",
            "project": "nulleffect-qa",
            "reconciling": false,
            "template": [
              {
                "annotations": {},
                "containers": [
                  {
                    "args": [],
                    "command": [],
                    "depends_on": [],
                    "env": [],
                    "image": "us-central1-docker.pkg.dev/nulleffect-qa/ofc/ofc-be:latest",
                    "liveness_probe": [],
                    "name": "",
                    "ports": [
                      {
                        "container_port": 8080,
                        "name": "http1"
                      }
                    ],
                    "resources": [
                      {
                        "cpu_idle": true,
                        "limits": {
                          "cpu": "1000m",
                          "memory": "512Mi"
                        },
                        "startup_cpu_boost": false
                      }
                    ],
                    "startup_probe": [
                      {
                        "failure_threshold": 1,
                        "grpc": [],
                        "http_get": [],
                        "initial_delay_seconds": 0,
                        "period_seconds": 240,
                        "tcp_socket": [
                          {
                            "port": 8080
                          }
                        ],
                        "timeout_seconds": 240
                      }
                    ],
                    "volume_mounts": [],
                    "working_dir": ""
                  }
                ],
                "encryption_key": "",
                "execution_environment": "",
                "labels": {},
                "max_instance_request_concurrency": 80,
                "revision": "",
                "scaling": [
                  {
                    "max_instance_count": 20,
                    "min_instance_count": 0
                  }
                ],
                "service_account": "ofc-backend-sa@nulleffect-qa.iam.gserviceaccount.com",
                "session_affinity": false,
                "timeout": "300s",
                "volumes": [],
                "vpc_access": []
              }
            ],
            "terminal_condition": [
              {
                "execution_reason": "",
                "last_transition_time": "2025-10-10T04:37:36.715043Z",
                "message": "",
                "reason": "",
                "revision_reason": "",
                "severity": "",
                "state": "CONDITION_SUCCEEDED",
                "type": "Ready"
              }
            ],
            "terraform_labels": {},
            "timeouts": null,
            "traffic": [
              {
                "percent": 100,
                "revision": "",
                "tag": "",
                "type": "TRAFFIC_TARGET_ALLOCATION_TYPE_LATEST"
              }
            ],
            "traffic_statuses": [
              {
                "percent": 100,
                "revision": "",
                "tag": "",
                "type": "TRAFFIC_TARGET_ALLOCATION_TYPE_LATEST",
                "uri": ""
              }
            ],
            "uid": "243ee3a8-8e10-4ae6-9d2c-f2300bca75e3",
            "update_time": "2025-10-10T04:37:26.166447Z",
            "uri": "https://ofc-be2-sugbtmtbtq-uc.a.run.app"
          },
          "sensitive_attributes": [],
          "identity_schema_version": 0,
          "private": "eyJlMmJmYjczMC1lY2FhLTExZTYtOGY4OC0zNDM2M2JjN2M0YzAiOnsiY3JlYXRlIjoxMjAwMDAwMDAwMDAwLCJkZWxldGUiOjEyMDAwMDAwMDAwMDAsInVwZGF0ZSI6MTIwMDAwMDAwMDAwMH19",
          "dependencies": [
            "data.google_service_account.be_sa"
          ]
        }
      ]
    },
    {
      "mode": "managed",
      "type": "google_cloud_run_v2_service",
      "name": "frontend",
      "provider": "provider[\"registry.terraform.io/hashicorp/google\"]",
      "instances": [
        {
          "schema_version": 0,
          "attributes": {
            "annotations": {},
            "binary_authorization": [],
            "client": "",
            "client_version": "",
            "conditions": [
              {
                "execution_reason": "",
                "last_transition_time": "2025-10-10T04:47:32.445977Z",
                "message": "",
                "reason": "",
                "revision_reason": "",
                "severity": "",
                "state": "CONDITION_SUCCEEDED",
                "type": "RoutesReady"
              },
              {
                "execution_reason": "",
                "last_transition_time": "2025-10-10T04:47:31.227866Z",
                "message": "",
                "reason": "",
                "revision_reason": "",
                "severity": "",
                "state": "CONDITION_SUCCEEDED",
                "type": "ConfigurationsReady"
              }
            ],
            "create_time": "2025-10-10T04:47:26.387024Z",
            "creator": "api-backend-e092@nulleffect-qa.iam.gserviceaccount.com",
            "custom_audiences": [],
            "delete_time": "",
            "description": "",
            "effective_annotations": {},
            "effective_labels": {},
            "etag": "\"CN6foscGEICJxrgB/cHJvamVjdHMvbnVsbGVmZmVjdC1xYS9sb2NhdGlvbnMvdXMtY2VudHJhbDEvc2VydmljZXMvb2ZjLWZyb250ZW5kMg\"",
            "expire_time": "",
            "generation": "1",
            "id": "projects/nulleffect-qa/locations/us-central1/services/ofc-frontend2",
            "ingress": "INGRESS_TRAFFIC_ALL",
            "labels": {},
            "last_modifier": "api-backend-e092@nulleffect-qa.iam.gserviceaccount.com",
            "latest_created_revision": "projects/nulleffect-qa/locations/us-central1/services/ofc-frontend2/revisions/ofc-frontend2-00001-lpn",
            "latest_ready_revision": "projects/nulleffect-qa/locations/us-central1/services/ofc-frontend2/revisions/ofc-frontend2-00001-lpn",
            "launch_stage": "GA",
            "location": "us-central1",
            "name": "ofc-frontend2",
            "observed_generation": "1",
            "project": "nulleffect-qa",
            "reconciling": false,
            "template": [
              {
                "annotations": {},
                "containers": [
                  {
                    "args": [],
                    "command": [],
                    "depends_on": [],
                    "env": [],
                    "image": "us-central1-docker.pkg.dev/nulleffect-qa/ofc/ofc-fe:latest",
                    "liveness_probe": [],
                    "name": "",
                    "ports": [
                      {
                        "container_port": 8080,
                        "name": "http1"
                      }
                    ],
                    "resources": [
                      {
                        "cpu_idle": true,
                        "limits": {
                          "cpu": "1000m",
                          "memory": "512Mi"
                        },
                        "startup_cpu_boost": false
                      }
                    ],
                    "startup_probe": [
                      {
                        "failure_threshold": 1,
                        "grpc": [],
                        "http_get": [],
                        "initial_delay_seconds": 0,
                        "period_seconds": 240,
                        "tcp_socket": [
                          {
                            "port": 8080
                          }
                        ],
                        "timeout_seconds": 240
                      }
                    ],
                    "volume_mounts": [],
                    "working_dir": ""
                  }
                ],
                "encryption_key": "",
                "execution_environment": "",
                "labels": {},
                "max_instance_request_concurrency": 80,
                "revision": "",
                "scaling": [
                  {
                    "max_instance_count": 20,
                    "min_instance_count": 0
                  }
                ],
                "service_account": "ofc-frontend-sa@nulleffect-qa.iam.gserviceaccount.com",
                "session_affinity": false,
                "timeout": "300s",
                "volumes": [],
                "vpc_access": []
              }
            ],
            "terminal_condition": [
              {
                "execution_reason": "",
                "last_transition_time": "2025-10-10T04:47:32.478997Z",
                "message": "",
                "reason": "",
                "revision_reason": "",
                "severity": "",
                "state": "CONDITION_SUCCEEDED",
                "type": "Ready"
              }
            ],
            "terraform_labels": {},
            "timeouts": null,
            "traffic": [
              {
                "percent": 100,
                "revision": "",
                "tag": "",
                "type": "TRAFFIC_TARGET_ALLOCATION_TYPE_LATEST"
              }
            ],
            "traffic_statuses": [
              {
                "percent": 100,
                "revision": "",
                "tag": "",
                "type": "TRAFFIC_TARGET_ALLOCATION_TYPE_LATEST",
                "uri": ""
              }
            ],
            "uid": "b2587c8c-1c62-4134-ac8a-11c958776d09",
            "update_time": "2025-10-10T04:47:26.387024Z",
            "uri": "https://ofc-frontend2-sugbtmtbtq-uc.a.run.app"
          },
          "sensitive_attributes": [],
          "identity_schema_version": 0,
          "private": "eyJlMmJmYjczMC1lY2FhLTExZTYtOGY4OC0zNDM2M2JjN2M0YzAiOnsiY3JlYXRlIjoxMjAwMDAwMDAwMDAwLCJkZWxldGUiOjEyMDAwMDAwMDAwMDAsInVwZGF0ZSI6MTIwMDAwMDAwMDAwMH19",
          "dependencies": [
            "data.google_service_account.fe_sa"
          ]
        }
      ]
    }
  ],
  "check_results": null
}
